
Microsoft Visual Studio Solution File, Format Version 12.00
# Visual Studio Version 17
VisualStudioVersion = 17.13.35806.99 d17.13
MinimumVisualStudioVersion = 10.0.40219.1
Project("{FAE04EC0-301F-11D3-BF4B-00C04F79EFBC}") = "SAV_Kurasch_2", "SAV_Kurasch_2\SAV_Kurasch_2.csproj", "{7C93E7AC-0A9B-4928-906A-000FB2510107}"
EndProject
Global
	GlobalSection(SolutionConfigurationPlatforms) = preSolution
		Debug|Any CPU = Debug|Any CPU
		Release|Any CPU = Release|Any CPU
	EndGlobalSection
	GlobalSection(ProjectConfigurationPlatforms) = postSolution
		{7C93E7AC-0A9B-4928-906A-000FB2510107}.Debug|Any CPU.ActiveCfg = Debug|Any CPU
		{7C93E7AC-0A9B-4928-906A-000FB2510107}.Debug|Any CPU.Build.0 = Debug|Any CPU
		{7C93E7AC-0A9B-4928-906A-000FB2510107}.Release|Any CPU.ActiveCfg = Release|Any CPU
		{7C93E7AC-0A9B-4928-906A-000FB2510107}.Release|Any CPU.Build.0 = Release|Any CPU
	EndGlobalSection
	GlobalSection(SolutionProperties) = preSolution
		HideSolutionNode = FALSE
	EndGlobalSection
	GlobalSection(ExtensibilityGlobals) = postSolution
		SolutionGuid = {7C4F1E8C-7AF7-4F7C-B75C-FE9D05A4A290}
	EndGlobalSection
EndGlobal
